
Microsoft Visual Studio Solution File, Format Version 12.00
# Visual Studio Version 17
VisualStudioVersion = 17.13.35806.99 d17.13
MinimumVisualStudioVersion = 10.0.40219.1
Project("{FAE04EC0-301F-11D3-BF4B-00C04F79EFBC}") = "Painle App", "Painle App.csproj", "{981C7681-9527-4035-A181-C8D2E4E0456F}"
EndProject
Global
	GlobalSection(SolutionConfigurationPlatforms) = preSolution
		Debug|Any CPU = Debug|Any CPU
		Release|Any CPU = Release|Any CPU
	EndGlobalSection
	GlobalSection(ProjectConfigurationPlatforms) = postSolution
		{981C7681-9527-4035-A181-C8D2E4E0456F}.Debug|Any CPU.ActiveCfg = Debug|Any CPU
		{981C7681-9527-4035-A181-C8D2E4E0456F}.Debug|Any CPU.Build.0 = Debug|Any CPU
		{981C7681-9527-4035-A181-C8D2E4E0456F}.Release|Any CPU.ActiveCfg = Release|Any CPU
		{981C7681-9527-4035-A181-C8D2E4E0456F}.Release|Any CPU.Build.0 = Release|Any CPU
	EndGlobalSection
	GlobalSection(SolutionProperties) = preSolution
		HideSolutionNode = FALSE
	EndGlobalSection
	GlobalSection(ExtensibilityGlobals) = postSolution
		SolutionGuid = {3F95A80C-B18A-4D5C-9F8A-68E2A03D2F1F}
	EndGlobalSection
EndGlobal
